
Microsoft Visual Studio Solution File, Format Version 12.00
# Visual Studio 15
Project("{FAE04EC0-301F-11D3-BF4B-00C04F79EFBC}") = "Finance.Android", "Finance.Android\Finance.Android.csproj", "{154CC417-21AE-4A00-918F-FD8CD83D3F7B}"
EndProject
Project("{FAE04EC0-301F-11D3-BF4B-00C04F79EFBC}") = "Finance.iOS", "Finance.iOS\Finance.iOS.csproj", "{8337A36F-24EB-4EA0-909B-C7644191855D}"
EndProject
Project("{FAE04EC0-301F-11D3-BF4B-00C04F79EFBC}") = "Finance", "Finance\Finance.csproj", "{668CAA51-8F4E-4240-A87F-D747DCBEEF14}"
EndProject
Global
	GlobalSection(SolutionConfigurationPlatforms) = preSolution
		Debug|Any CPU = Debug|Any CPU
		Release|Any CPU = Release|Any CPU
		Debug|iPhoneSimulator = Debug|iPhoneSimulator
		Release|iPhoneSimulator = Release|iPhoneSimulator
		Debug|iPhone = Debug|iPhone
		Release|iPhone = Release|iPhone
		Ad-Hoc|iPhone = Ad-Hoc|iPhone
		AppStore|iPhone = AppStore|iPhone
	EndGlobalSection
	GlobalSection(ProjectConfigurationPlatforms) = postSolution
		{154CC417-21AE-4A00-918F-FD8CD83D3F7B}.Debug|Any CPU.ActiveCfg = Debug|Any CPU
		{154CC417-21AE-4A00-918F-FD8CD83D3F7B}.Debug|Any CPU.Build.0 = Debug|Any CPU
		{154CC417-21AE-4A00-918F-FD8CD83D3F7B}.Release|Any CPU.ActiveCfg = Release|Any CPU
		{154CC417-21AE-4A00-918F-FD8CD83D3F7B}.Release|Any CPU.Build.0 = Release|Any CPU
		{154CC417-21AE-4A00-918F-FD8CD83D3F7B}.Debug|iPhoneSimulator.ActiveCfg = Debug|Any CPU
		{154CC417-21AE-4A00-918F-FD8CD83D3F7B}.Debug|iPhoneSimulator.Build.0 = Debug|Any CPU
		{154CC417-21AE-4A00-918F-FD8CD83D3F7B}.Release|iPhoneSimulator.ActiveCfg = Release|Any CPU
		{154CC417-21AE-4A00-918F-FD8CD83D3F7B}.Release|iPhoneSimulator.Build.0 = Release|Any CPU
		{154CC417-21AE-4A00-918F-FD8CD83D3F7B}.Debug|iPhone.ActiveCfg = Debug|Any CPU
		{154CC417-21AE-4A00-918F-FD8CD83D3F7B}.Debug|iPhone.Build.0 = Debug|Any CPU
		{154CC417-21AE-4A00-918F-FD8CD83D3F7B}.Release|iPhone.ActiveCfg = Release|Any CPU
		{154CC417-21AE-4A00-918F-FD8CD83D3F7B}.Release|iPhone.Build.0 = Release|Any CPU
		{154CC417-21AE-4A00-918F-FD8CD83D3F7B}.Ad-Hoc|iPhone.ActiveCfg = Debug|Any CPU
		{154CC417-21AE-4A00-918F-FD8CD83D3F7B}.Ad-Hoc|iPhone.Build.0 = Debug|Any CPU
		{154CC417-21AE-4A00-918F-FD8CD83D3F7B}.AppStore|iPhone.ActiveCfg = Debug|Any CPU
		{154CC417-21AE-4A00-918F-FD8CD83D3F7B}.AppStore|iPhone.Build.0 = Debug|Any CPU
		{8337A36F-24EB-4EA0-909B-C7644191855D}.Debug|Any CPU.ActiveCfg = Debug|iPhoneSimulator
		{8337A36F-24EB-4EA0-909B-C7644191855D}.Debug|Any CPU.Build.0 = Debug|iPhoneSimulator
		{8337A36F-24EB-4EA0-909B-C7644191855D}.Release|Any CPU.ActiveCfg = Release|iPhoneSimulator
		{8337A36F-24EB-4EA0-909B-C7644191855D}.Release|Any CPU.Build.0 = Release|iPhoneSimulator
		{8337A36F-24EB-4EA0-909B-C7644191855D}.Debug|iPhoneSimulator.ActiveCfg = Debug|iPhoneSimulator
		{8337A36F-24EB-4EA0-909B-C7644191855D}.Debug|iPhoneSimulator.Build.0 = Debug|iPhoneSimulator
		{8337A36F-24EB-4EA0-909B-C7644191855D}.Release|iPhoneSimulator.ActiveCfg = Release|iPhoneSimulator
		{8337A36F-24EB-4EA0-909B-C7644191855D}.Release|iPhoneSimulator.Build.0 = Release|iPhoneSimulator
		{8337A36F-24EB-4EA0-909B-C7644191855D}.Debug|iPhone.ActiveCfg = Debug|iPhone
		{8337A36F-24EB-4EA0-909B-C7644191855D}.Debug|iPhone.Build.0 = Debug|iPhone
		{8337A36F-24EB-4EA0-909B-C7644191855D}.Release|iPhone.ActiveCfg = Release|iPhone
		{8337A36F-24EB-4EA0-909B-C7644191855D}.Release|iPhone.Build.0 = Release|iPhone
		{8337A36F-24EB-4EA0-909B-C7644191855D}.Ad-Hoc|iPhone.ActiveCfg = Ad-Hoc|iPhone
		{8337A36F-24EB-4EA0-909B-C7644191855D}.Ad-Hoc|iPhone.Build.0 = Ad-Hoc|iPhone
		{8337A36F-24EB-4EA0-909B-C7644191855D}.AppStore|iPhone.ActiveCfg = AppStore|iPhone
		{8337A36F-24EB-4EA0-909B-C7644191855D}.AppStore|iPhone.Build.0 = AppStore|iPhone
		{668CAA51-8F4E-4240-A87F-D747DCBEEF14}.Debug|Any CPU.ActiveCfg = Debug|Any CPU
		{668CAA51-8F4E-4240-A87F-D747DCBEEF14}.Debug|Any CPU.Build.0 = Debug|Any CPU
		{668CAA51-8F4E-4240-A87F-D747DCBEEF14}.Release|Any CPU.ActiveCfg = Release|Any CPU
		{668CAA51-8F4E-4240-A87F-D747DCBEEF14}.Release|Any CPU.Build.0 = Release|Any CPU
		{668CAA51-8F4E-4240-A87F-D747DCBEEF14}.Debug|iPhoneSimulator.ActiveCfg = Debug|Any CPU
		{668CAA51-8F4E-4240-A87F-D747DCBEEF14}.Debug|iPhoneSimulator.Build.0 = Debug|Any CPU
		{668CAA51-8F4E-4240-A87F-D747DCBEEF14}.Release|iPhoneSimulator.ActiveCfg = Release|Any CPU
		{668CAA51-8F4E-4240-A87F-D747DCBEEF14}.Release|iPhoneSimulator.Build.0 = Release|Any CPU
		{668CAA51-8F4E-4240-A87F-D747DCBEEF14}.Debug|iPhone.ActiveCfg = Debug|Any CPU
		{668CAA51-8F4E-4240-A87F-D747DCBEEF14}.Debug|iPhone.Build.0 = Debug|Any CPU
		{668CAA51-8F4E-4240-A87F-D747DCBEEF14}.Release|iPhone.ActiveCfg = Release|Any CPU
		{668CAA51-8F4E-4240-A87F-D747DCBEEF14}.Release|iPhone.Build.0 = Release|Any CPU
		{668CAA51-8F4E-4240-A87F-D747DCBEEF14}.Ad-Hoc|iPhone.ActiveCfg = Debug|Any CPU
		{668CAA51-8F4E-4240-A87F-D747DCBEEF14}.Ad-Hoc|iPhone.Build.0 = Debug|Any CPU
		{668CAA51-8F4E-4240-A87F-D747DCBEEF14}.AppStore|iPhone.ActiveCfg = Debug|Any CPU
		{668CAA51-8F4E-4240-A87F-D747DCBEEF14}.AppStore|iPhone.Build.0 = Debug|Any CPU
	EndGlobalSection
EndGlobal
